
Microsoft Visual Studio Solution File, Format Version 12.00
Project("{FAE04EC0-301F-11D3-BF4B-00C04F79EFBC}") = "REST_API_Przychodnia_APBD", "REST_API_Przychodnia_APBD\REST_API_Przychodnia_APBD.csproj", "{092EF536-80DA-4878-826A-45C22C71F492}"
EndProject
Global
	GlobalSection(SolutionConfigurationPlatforms) = preSolution
		Debug|Any CPU = Debug|Any CPU
		Release|Any CPU = Release|Any CPU
	EndGlobalSection
	GlobalSection(ProjectConfigurationPlatforms) = postSolution
		{092EF536-80DA-4878-826A-45C22C71F492}.Debug|Any CPU.ActiveCfg = Debug|Any CPU
		{092EF536-80DA-4878-826A-45C22C71F492}.Debug|Any CPU.Build.0 = Debug|Any CPU
		{092EF536-80DA-4878-826A-45C22C71F492}.Release|Any CPU.ActiveCfg = Release|Any CPU
		{092EF536-80DA-4878-826A-45C22C71F492}.Release|Any CPU.Build.0 = Release|Any CPU
	EndGlobalSection
EndGlobal
